
Microsoft Visual Studio Solution File, Format Version 12.00
# Visual Studio 15
VisualStudioVersion = 15.0.27428.2043
MinimumVisualStudioVersion = 10.0.40219.1
Project("{FAE04EC0-301F-11D3-BF4B-00C04F79EFBC}") = "DotNet3d", "DotNet3d.csproj", "{01696598-20D8-4E37-8CA3-6697C18C3C6A}"
EndProject
Project("{FAE04EC0-301F-11D3-BF4B-00C04F79EFBC}") = "TestDotNet3d", "..\TestDotNet3d\TestDotNet3d.csproj", "{B78AFC36-C741-4262-93B1-F190D52F5330}"
	ProjectSection(ProjectDependencies) = postProject
		{01696598-20D8-4E37-8CA3-6697C18C3C6A} = {01696598-20D8-4E37-8CA3-6697C18C3C6A}
	EndProjectSection
EndProject
Global
	GlobalSection(SolutionConfigurationPlatforms) = preSolution
		Debug|Any CPU = Debug|Any CPU
		Release|Any CPU = Release|Any CPU
	EndGlobalSection
	GlobalSection(ProjectConfigurationPlatforms) = postSolution
		{01696598-20D8-4E37-8CA3-6697C18C3C6A}.Debug|Any CPU.ActiveCfg = Debug|Any CPU
		{01696598-20D8-4E37-8CA3-6697C18C3C6A}.Debug|Any CPU.Build.0 = Debug|Any CPU
		{01696598-20D8-4E37-8CA3-6697C18C3C6A}.Release|Any CPU.ActiveCfg = Release|Any CPU
		{01696598-20D8-4E37-8CA3-6697C18C3C6A}.Release|Any CPU.Build.0 = Release|Any CPU
		{B78AFC36-C741-4262-93B1-F190D52F5330}.Debug|Any CPU.ActiveCfg = Debug|Any CPU
		{B78AFC36-C741-4262-93B1-F190D52F5330}.Debug|Any CPU.Build.0 = Debug|Any CPU
		{B78AFC36-C741-4262-93B1-F190D52F5330}.Release|Any CPU.ActiveCfg = Release|Any CPU
		{B78AFC36-C741-4262-93B1-F190D52F5330}.Release|Any CPU.Build.0 = Release|Any CPU
	EndGlobalSection
	GlobalSection(SolutionProperties) = preSolution
		HideSolutionNode = FALSE
	EndGlobalSection
	GlobalSection(ExtensibilityGlobals) = postSolution
		SolutionGuid = {5AE70A7D-6E6A-4C6B-809D-4B4AE6D794DB}
	EndGlobalSection
EndGlobal
